
Microsoft Visual Studio Solution File, Format Version 12.00
Project("{FAE04EC0-301F-11D3-BF4B-00C04F79EFBC}") = "PacketBandit.Collector", "PacketBandit.Collector\PacketBandit.Collector.csproj", "{626DF869-9273-4EEC-8362-20F82CF225E1}"
EndProject
Global
	GlobalSection(SolutionConfigurationPlatforms) = preSolution
		Debug|Any CPU = Debug|Any CPU
		Release|Any CPU = Release|Any CPU
	EndGlobalSection
	GlobalSection(ProjectConfigurationPlatforms) = postSolution
		{626DF869-9273-4EEC-8362-20F82CF225E1}.Debug|Any CPU.ActiveCfg = Debug|Any CPU
		{626DF869-9273-4EEC-8362-20F82CF225E1}.Debug|Any CPU.Build.0 = Debug|Any CPU
		{626DF869-9273-4EEC-8362-20F82CF225E1}.Release|Any CPU.ActiveCfg = Release|Any CPU
		{626DF869-9273-4EEC-8362-20F82CF225E1}.Release|Any CPU.Build.0 = Release|Any CPU
	EndGlobalSection
EndGlobal
